
Microsoft Visual Studio Solution File, Format Version 12.00
# Visual Studio Version 16
VisualStudioVersion = 16.0.31313.79
MinimumVisualStudioVersion = 10.0.40219.1
Project("{9A19103F-16F7-4668-BE54-9A1E7A4F7556}") = "DatabaseTransactions", "DatabaseTransactions\DatabaseTransactions.csproj", "{F84ADC58-33DF-459E-9646-2B4864626CA2}"
EndProject
Global
	GlobalSection(SolutionConfigurationPlatforms) = preSolution
		Debug|Any CPU = Debug|Any CPU
		Release|Any CPU = Release|Any CPU
	EndGlobalSection
	GlobalSection(ProjectConfigurationPlatforms) = postSolution
		{F84ADC58-33DF-459E-9646-2B4864626CA2}.Debug|Any CPU.ActiveCfg = Debug|Any CPU
		{F84ADC58-33DF-459E-9646-2B4864626CA2}.Debug|Any CPU.Build.0 = Debug|Any CPU
		{F84ADC58-33DF-459E-9646-2B4864626CA2}.Release|Any CPU.ActiveCfg = Release|Any CPU
		{F84ADC58-33DF-459E-9646-2B4864626CA2}.Release|Any CPU.Build.0 = Release|Any CPU
	EndGlobalSection
	GlobalSection(SolutionProperties) = preSolution
		HideSolutionNode = FALSE
	EndGlobalSection
	GlobalSection(ExtensibilityGlobals) = postSolution
		SolutionGuid = {B9C960EA-F241-4AD8-ABA4-C09DABA4E5BB}
	EndGlobalSection
EndGlobal
